
Microsoft Visual Studio Solution File, Format Version 12.00
# Visual Studio Version 17
VisualStudioVersion = 17.14.36408.4 d17.14
MinimumVisualStudioVersion = 10.0.40219.1
Project("{FAE04EC0-301F-11D3-BF4B-00C04F79EFBC}") = "BerryTestProject1", "BerryTestProject1\BerryTestProject1.csproj", "{AA52ACC1-4BE1-4B15-958C-2A8C3568F34A}"
EndProject
Global
	GlobalSection(SolutionConfigurationPlatforms) = preSolution
		Debug|Any CPU = Debug|Any CPU
		Release|Any CPU = Release|Any CPU
	EndGlobalSection
	GlobalSection(ProjectConfigurationPlatforms) = postSolution
		{AA52ACC1-4BE1-4B15-958C-2A8C3568F34A}.Debug|Any CPU.ActiveCfg = Debug|Any CPU
		{AA52ACC1-4BE1-4B15-958C-2A8C3568F34A}.Debug|Any CPU.Build.0 = Debug|Any CPU
		{AA52ACC1-4BE1-4B15-958C-2A8C3568F34A}.Release|Any CPU.ActiveCfg = Release|Any CPU
		{AA52ACC1-4BE1-4B15-958C-2A8C3568F34A}.Release|Any CPU.Build.0 = Release|Any CPU
	EndGlobalSection
	GlobalSection(SolutionProperties) = preSolution
		HideSolutionNode = FALSE
	EndGlobalSection
	GlobalSection(ExtensibilityGlobals) = postSolution
		SolutionGuid = {A29D65A5-B3DF-4BED-9112-EF43033DFB62}
	EndGlobalSection
EndGlobal
